{
  "name": "monsters",
  "version": "0.0.1",
  "lockfileVersion": 1,
  "requires": true,
  "dependencies": {
    "argv-tools": {
      "version": "0.1.1",
      "resolved": "https://na.artifactory.swg-devops.com:443/artifactory/api/npm/omaas-npm-virtual/argv-tools/-/argv-tools-0.1.1.tgz",
      "integrity": "sha1-WIKD8zk62kcUFECxKYHNQb9rcDI=",
      "requires": {
        "array-back": "^2.0.0",
        "find-replace": "^2.0.1"
      }
    },
    "array-back": {
      "version": "2.0.0",
      "resolved": "https://na.artifactory.swg-devops.com:443/artifactory/api/npm/omaas-npm-virtual/array-back/-/array-back-2.0.0.tgz",
      "integrity": "sha1-aHdHHVHsycm/phNvtsfV/ml0gCI=",
      "requires": {
        "typical": "^2.6.1"
      }
    },
    "async": {
      "version": "2.6.0",
      "resolved": "https://registry.npmjs.org/async/-/async-2.6.0.tgz",
      "integrity": "sha512-xAfGg1/NTLBBKlHFmnd7PlmUW9KhVQIUuSrYem9xzFUZy13ScvtyGGejaae9iAVRiRq9+Cx7DPFaAAhCpyxyPw==",
      "requires": {
        "lodash": "^4.14.0"
      }
    },
    "balanced-match": {
      "version": "1.0.0",
      "resolved": "https://registry.npmjs.org/balanced-match/-/balanced-match-1.0.0.tgz",
      "integrity": "sha1-ibTRmasr7kneFk6gK4nORi1xt2c="
    },
    "brace-expansion": {
      "version": "1.1.11",
      "resolved": "https://registry.npmjs.org/brace-expansion/-/brace-expansion-1.1.11.tgz",
      "integrity": "sha512-iCuPHDFgrHX7H2vEI/5xpz07zSHB00TpugqhmYtVmMO6518mCuRMoOYFldEBl0g187ufozdaHgWKcYFb61qGiA==",
      "requires": {
        "balanced-match": "^1.0.0",
        "concat-map": "0.0.1"
      }
    },
    "command-line-args": {
      "version": "5.0.2",
      "resolved": "https://na.artifactory.swg-devops.com:443/artifactory/api/npm/omaas-npm-virtual/command-line-args/-/command-line-args-5.0.2.tgz",
      "integrity": "sha1-xOVrAWY2rxMjz0haolw8sgPfu+Q=",
      "requires": {
        "argv-tools": "^0.1.1",
        "array-back": "^2.0.0",
        "find-replace": "^2.0.1",
        "lodash.camelcase": "^4.3.0",
        "typical": "^2.6.1"
      }
    },
    "concat-map": {
      "version": "0.0.1",
      "resolved": "https://registry.npmjs.org/concat-map/-/concat-map-0.0.1.tgz",
      "integrity": "sha1-2Klr13/Wjfd5OnMDajug1UBdR3s="
    },
    "entities": {
      "version": "1.1.1",
      "resolved": "https://na.artifactory.swg-devops.com:443/artifactory/api/npm/omaas-npm-virtual/entities/-/entities-1.1.1.tgz",
      "integrity": "sha1-blwtClYhtdra7O+AuQ7ftc13cvA="
    },
    "find-replace": {
      "version": "2.0.1",
      "resolved": "https://na.artifactory.swg-devops.com:443/artifactory/api/npm/omaas-npm-virtual/find-replace/-/find-replace-2.0.1.tgz",
      "integrity": "sha1-bZaDp8og+PmqvqutB+TiWA9ShVA=",
      "requires": {
        "array-back": "^2.0.0",
        "test-value": "^3.0.0"
      }
    },
    "fuzzy-matching": {
      "version": "0.4.3",
      "resolved": "https://registry.npmjs.org/fuzzy-matching/-/fuzzy-matching-0.4.3.tgz",
      "integrity": "sha1-NBqc/iLG6BZyN8DkDu8u1Ne2H88=",
      "requires": {
        "fuzzyset.js": "0.0.1"
      }
    },
    "fuzzyset.js": {
      "version": "0.0.1",
      "resolved": "https://registry.npmjs.org/fuzzyset.js/-/fuzzyset.js-0.0.1.tgz",
      "integrity": "sha1-l54i+UUbSzjwUfeTfJGdusxpKVg="
    },
    "glob": {
      "version": "5.0.15",
      "resolved": "https://registry.npmjs.org/glob/-/glob-5.0.15.tgz",
      "integrity": "sha1-G8k2ueAvSmA/zCIuz3Yz0wuLk7E=",
      "requires": {
        "inflight": "^1.0.4",
        "inherits": "2",
        "minimatch": "2 || 3",
        "once": "^1.3.0",
        "path-is-absolute": "^1.0.0"
      }
    },
    "inflight": {
      "version": "1.0.6",
      "resolved": "https://registry.npmjs.org/inflight/-/inflight-1.0.6.tgz",
      "integrity": "sha1-Sb1jMdfQLQwJvJEKEHW6gWW1bfk=",
      "requires": {
        "once": "^1.3.0",
        "wrappy": "1"
      }
    },
    "inherits": {
      "version": "2.0.3",
      "resolved": "https://registry.npmjs.org/inherits/-/inherits-2.0.3.tgz",
      "integrity": "sha1-Yzwsg+PaQqUC9SRmAiSA9CCCYd4="
    },
    "lodash": {
      "version": "4.17.10",
      "resolved": "https://registry.npmjs.org/lodash/-/lodash-4.17.10.tgz",
      "integrity": "sha512-UejweD1pDoXu+AD825lWwp4ZGtSwgnpZxb3JDViD7StjQz+Nb/6l093lx4OQ0foGWNRoc19mWy7BzL+UAK2iVg=="
    },
    "lodash.camelcase": {
      "version": "4.3.0",
      "resolved": "https://na.artifactory.swg-devops.com:443/artifactory/api/npm/omaas-npm-virtual/lodash.camelcase/-/lodash.camelcase-4.3.0.tgz",
      "integrity": "sha1-soqmKIorn8ZRA1x3EfZathkDMaY="
    },
    "minimatch": {
      "version": "3.0.4",
      "resolved": "https://registry.npmjs.org/minimatch/-/minimatch-3.0.4.tgz",
      "integrity": "sha512-yJHVQEhyqPLUTgt9B83PXu6W3rx4MvvHvSUvToogpwoGDOUQ+yDrR0HRot+yOCdCO7u4hX3pWft6kWBBcqh0UA==",
      "requires": {
        "brace-expansion": "^1.1.7"
      }
    },
    "node-tesseract": {
      "version": "0.2.7",
      "resolved": "https://registry.npmjs.org/node-tesseract/-/node-tesseract-0.2.7.tgz",
      "integrity": "sha1-yPAvuDUaQnByc1d4wFGYI/JgG4Q=",
      "requires": {
        "glob": "^5.0.10",
        "node-uuid": "^1.4.1"
      }
    },
    "node-uuid": {
      "version": "1.4.8",
      "resolved": "https://registry.npmjs.org/node-uuid/-/node-uuid-1.4.8.tgz",
      "integrity": "sha1-sEDrCSOWivq/jTL7HxfxFn/auQc="
    },
    "once": {
      "version": "1.4.0",
      "resolved": "https://registry.npmjs.org/once/-/once-1.4.0.tgz",
      "integrity": "sha1-WDsap3WWHUsROsF9nFC6753Xa9E=",
      "requires": {
        "wrappy": "1"
      }
    },
    "path-is-absolute": {
      "version": "1.0.1",
      "resolved": "https://registry.npmjs.org/path-is-absolute/-/path-is-absolute-1.0.1.tgz",
      "integrity": "sha1-F0uSaHNVNP+8es5r9TpanhtcX18="
    },
    "rss-parser": {
      "version": "3.1.2",
      "resolved": "https://na.artifactory.swg-devops.com:443/artifactory/api/npm/omaas-npm-virtual/rss-parser/-/rss-parser-3.1.2.tgz",
      "integrity": "sha1-8CmHPmZ/cAd4jjzyetEZZ8hIwSE=",
      "requires": {
        "entities": "^1.1.1",
        "xml2js": "^0.4.17"
      }
    },
    "sax": {
      "version": "1.2.4",
      "resolved": "https://na.artifactory.swg-devops.com:443/artifactory/api/npm/omaas-npm-virtual/sax/-/sax-1.2.4.tgz",
      "integrity": "sha1-KBYjTiN4vdxOU1T6tcqold9xANk="
    },
    "test-value": {
      "version": "3.0.0",
      "resolved": "https://na.artifactory.swg-devops.com:443/artifactory/api/npm/omaas-npm-virtual/test-value/-/test-value-3.0.0.tgz",
      "integrity": "sha1-kWjAYvqxGoa41ETdlou0tzhRzpI=",
      "requires": {
        "array-back": "^2.0.0",
        "typical": "^2.6.1"
      }
    },
    "typical": {
      "version": "2.6.1",
      "resolved": "https://na.artifactory.swg-devops.com:443/artifactory/api/npm/omaas-npm-virtual/typical/-/typical-2.6.1.tgz",
      "integrity": "sha1-XAgOXWYcu+OCWdLnCjxyU+hziB0="
    },
    "wrappy": {
      "version": "1.0.2",
      "resolved": "https://registry.npmjs.org/wrappy/-/wrappy-1.0.2.tgz",
      "integrity": "sha1-tSQ9jz7BqjXxNkYFvA0QNuMKtp8="
    },
    "xml2js": {
      "version": "0.4.19",
      "resolved": "https://na.artifactory.swg-devops.com:443/artifactory/api/npm/omaas-npm-virtual/xml2js/-/xml2js-0.4.19.tgz",
      "integrity": "sha1-aGwg8hMgnpSr8NG88e+qKRx4J6c=",
      "requires": {
        "sax": ">=0.6.0",
        "xmlbuilder": "~9.0.1"
      }
    },
    "xmlbuilder": {
      "version": "9.0.7",
      "resolved": "https://na.artifactory.swg-devops.com:443/artifactory/api/npm/omaas-npm-virtual/xmlbuilder/-/xmlbuilder-9.0.7.tgz",
      "integrity": "sha1-Ey7mPS7FVlxVfiD0wi35rKaGsQ0="
    }
  }
}
